
Microsoft Visual Studio Solution File, Format Version 12.00
# Visual Studio Version 17
VisualStudioVersion = 17.14.36414.22
MinimumVisualStudioVersion = 10.0.40219.1
Project("{FAE04EC0-301F-11D3-BF4B-00C04F79EFBC}") = "Group1.MusicApp", "Group1.MusicApp\Group1.MusicApp.csproj", "{2EC7CDE2-EB2A-4FC3-A37D-71A2AE757172}"
EndProject
Project("{FAE04EC0-301F-11D3-BF4B-00C04F79EFBC}") = "Group1.ApiClient", "Group1.ApiClient\Group1.ApiClient.csproj", "{9F15D4AF-04ED-48E5-8D52-46DDC79C0251}"
EndProject
Project("{FAE04EC0-301F-11D3-BF4B-00C04F79EFBC}") = "Group1.DAL", "Group1.DAL\Group1.DAL.csproj", "{2F148EF6-D634-40FE-B795-40E89527881F}"
EndProject
Global
	GlobalSection(SolutionConfigurationPlatforms) = preSolution
		Debug|Any CPU = Debug|Any CPU
		Release|Any CPU = Release|Any CPU
	EndGlobalSection
	GlobalSection(ProjectConfigurationPlatforms) = postSolution
		{2EC7CDE2-EB2A-4FC3-A37D-71A2AE757172}.Debug|Any CPU.ActiveCfg = Debug|Any CPU
		{2EC7CDE2-EB2A-4FC3-A37D-71A2AE757172}.Debug|Any CPU.Build.0 = Debug|Any CPU
		{2EC7CDE2-EB2A-4FC3-A37D-71A2AE757172}.Release|Any CPU.ActiveCfg = Release|Any CPU
		{2EC7CDE2-EB2A-4FC3-A37D-71A2AE757172}.Release|Any CPU.Build.0 = Release|Any CPU
		{9F15D4AF-04ED-48E5-8D52-46DDC79C0251}.Debug|Any CPU.ActiveCfg = Debug|Any CPU
		{9F15D4AF-04ED-48E5-8D52-46DDC79C0251}.Debug|Any CPU.Build.0 = Debug|Any CPU
		{9F15D4AF-04ED-48E5-8D52-46DDC79C0251}.Release|Any CPU.ActiveCfg = Release|Any CPU
		{9F15D4AF-04ED-48E5-8D52-46DDC79C0251}.Release|Any CPU.Build.0 = Release|Any CPU
		{2F148EF6-D634-40FE-B795-40E89527881F}.Debug|Any CPU.ActiveCfg = Debug|Any CPU
		{2F148EF6-D634-40FE-B795-40E89527881F}.Debug|Any CPU.Build.0 = Debug|Any CPU
		{2F148EF6-D634-40FE-B795-40E89527881F}.Release|Any CPU.ActiveCfg = Release|Any CPU
		{2F148EF6-D634-40FE-B795-40E89527881F}.Release|Any CPU.Build.0 = Release|Any CPU
	EndGlobalSection
	GlobalSection(SolutionProperties) = preSolution
		HideSolutionNode = FALSE
	EndGlobalSection
	GlobalSection(ExtensibilityGlobals) = postSolution
		SolutionGuid = {C0788278-2816-4197-AC2B-8E677C4DFC0F}
	EndGlobalSection
EndGlobal
