
Microsoft Visual Studio Solution File, Format Version 12.00
# Visual Studio Version 17
VisualStudioVersion = 17.14.36414.22
MinimumVisualStudioVersion = 10.0.40219.1
Project("{FAE04EC0-301F-11D3-BF4B-00C04F79EFBC}") = "Group1.MusicApp", "Group1.MusicApp\Group1.MusicApp.csproj", "{2EC7CDE2-EB2A-4FC3-A37D-71A2AE757172}"
EndProject
Project("{FAE04EC0-301F-11D3-BF4B-00C04F79EFBC}") = "Group1.ApiClient", "Group1.ApiClient\Group1.ApiClient.csproj", "{9F15D4AF-04ED-48E5-8D52-46DDC79C0251}"
EndProject
Project("{FAE04EC0-301F-11D3-BF4B-00C04F79EFBC}") = "Group1.MusicApp.Models", "Group1.MusicApp.Models\Group1.MusicApp.Models.csproj", "{51355C45-3629-41B8-91B7-2F1992F5C48A}"
EndProject
Global
	GlobalSection(SolutionConfigurationPlatforms) = preSolution
		Debug|Any CPU = Debug|Any CPU
		Debug|x64 = Debug|x64
		Debug|x86 = Debug|x86
		Release|Any CPU = Release|Any CPU
		Release|x64 = Release|x64
		Release|x86 = Release|x86
	EndGlobalSection
	GlobalSection(ProjectConfigurationPlatforms) = postSolution
		{2EC7CDE2-EB2A-4FC3-A37D-71A2AE757172}.Debug|Any CPU.ActiveCfg = Debug|Any CPU
		{2EC7CDE2-EB2A-4FC3-A37D-71A2AE757172}.Debug|Any CPU.Build.0 = Debug|Any CPU
		{2EC7CDE2-EB2A-4FC3-A37D-71A2AE757172}.Debug|x64.ActiveCfg = Debug|Any CPU
		{2EC7CDE2-EB2A-4FC3-A37D-71A2AE757172}.Debug|x64.Build.0 = Debug|Any CPU
		{2EC7CDE2-EB2A-4FC3-A37D-71A2AE757172}.Debug|x86.ActiveCfg = Debug|Any CPU
		{2EC7CDE2-EB2A-4FC3-A37D-71A2AE757172}.Debug|x86.Build.0 = Debug|Any CPU
		{2EC7CDE2-EB2A-4FC3-A37D-71A2AE757172}.Release|Any CPU.ActiveCfg = Release|Any CPU
		{2EC7CDE2-EB2A-4FC3-A37D-71A2AE757172}.Release|Any CPU.Build.0 = Release|Any CPU
		{2EC7CDE2-EB2A-4FC3-A37D-71A2AE757172}.Release|x64.ActiveCfg = Release|Any CPU
		{2EC7CDE2-EB2A-4FC3-A37D-71A2AE757172}.Release|x64.Build.0 = Release|Any CPU
		{2EC7CDE2-EB2A-4FC3-A37D-71A2AE757172}.Release|x86.ActiveCfg = Release|Any CPU
		{2EC7CDE2-EB2A-4FC3-A37D-71A2AE757172}.Release|x86.Build.0 = Release|Any CPU
		{9F15D4AF-04ED-48E5-8D52-46DDC79C0251}.Debug|Any CPU.ActiveCfg = Debug|Any CPU
		{9F15D4AF-04ED-48E5-8D52-46DDC79C0251}.Debug|Any CPU.Build.0 = Debug|Any CPU
		{9F15D4AF-04ED-48E5-8D52-46DDC79C0251}.Debug|x64.ActiveCfg = Debug|Any CPU
		{9F15D4AF-04ED-48E5-8D52-46DDC79C0251}.Debug|x64.Build.0 = Debug|Any CPU
		{9F15D4AF-04ED-48E5-8D52-46DDC79C0251}.Debug|x86.ActiveCfg = Debug|Any CPU
		{9F15D4AF-04ED-48E5-8D52-46DDC79C0251}.Debug|x86.Build.0 = Debug|Any CPU
		{9F15D4AF-04ED-48E5-8D52-46DDC79C0251}.Release|Any CPU.ActiveCfg = Release|Any CPU
		{9F15D4AF-04ED-48E5-8D52-46DDC79C0251}.Release|Any CPU.Build.0 = Release|Any CPU
		{9F15D4AF-04ED-48E5-8D52-46DDC79C0251}.Release|x64.ActiveCfg = Release|Any CPU
		{9F15D4AF-04ED-48E5-8D52-46DDC79C0251}.Release|x64.Build.0 = Release|Any CPU
		{9F15D4AF-04ED-48E5-8D52-46DDC79C0251}.Release|x86.ActiveCfg = Release|Any CPU
		{9F15D4AF-04ED-48E5-8D52-46DDC79C0251}.Release|x86.Build.0 = Release|Any CPU
		{51355C45-3629-41B8-91B7-2F1992F5C48A}.Debug|Any CPU.ActiveCfg = Debug|Any CPU
		{51355C45-3629-41B8-91B7-2F1992F5C48A}.Debug|Any CPU.Build.0 = Debug|Any CPU
		{51355C45-3629-41B8-91B7-2F1992F5C48A}.Debug|x64.ActiveCfg = Debug|Any CPU
		{51355C45-3629-41B8-91B7-2F1992F5C48A}.Debug|x64.Build.0 = Debug|Any CPU
		{51355C45-3629-41B8-91B7-2F1992F5C48A}.Debug|x86.ActiveCfg = Debug|Any CPU
		{51355C45-3629-41B8-91B7-2F1992F5C48A}.Debug|x86.Build.0 = Debug|Any CPU
		{51355C45-3629-41B8-91B7-2F1992F5C48A}.Release|Any CPU.ActiveCfg = Release|Any CPU
		{51355C45-3629-41B8-91B7-2F1992F5C48A}.Release|Any CPU.Build.0 = Release|Any CPU
		{51355C45-3629-41B8-91B7-2F1992F5C48A}.Release|x64.ActiveCfg = Release|Any CPU
		{51355C45-3629-41B8-91B7-2F1992F5C48A}.Release|x64.Build.0 = Release|Any CPU
		{51355C45-3629-41B8-91B7-2F1992F5C48A}.Release|x86.ActiveCfg = Release|Any CPU
		{51355C45-3629-41B8-91B7-2F1992F5C48A}.Release|x86.Build.0 = Release|Any CPU
	EndGlobalSection
	GlobalSection(SolutionProperties) = preSolution
		HideSolutionNode = FALSE
	EndGlobalSection
	GlobalSection(ExtensibilityGlobals) = postSolution
		SolutionGuid = {C0788278-2816-4197-AC2B-8E677C4DFC0F}
	EndGlobalSection
EndGlobal
